
Microsoft Visual Studio Solution File, Format Version 12.00
# Visual Studio Version 17
VisualStudioVersion = 17.5.002.0
MinimumVisualStudioVersion = 10.0.40219.1
Project("{2150E333-8FDC-42A3-9474-1A3956D46DE8}") = "tests", "tests", "{4AFA344C-8307-48F8-B295-31CC23EFED85}"
EndProject
Project("{9A19103F-16F7-4668-BE54-9A1E7A4F7556}") = "MarketEase.Domain.UnitTests", "tests\MarketEase.Domain.UnitTests\MarketEase.Domain.UnitTests.csproj", "{73A4BF5C-1EF8-40DE-8C42-0736FCD81F6E}"
EndProject
Project("{2150E333-8FDC-42A3-9474-1A3956D46DE8}") = "src", "src", "{149F00FE-B89D-4200-A694-7F62FCFE1D88}"
EndProject
Project("{9A19103F-16F7-4668-BE54-9A1E7A4F7556}") = "MarketEase.Domain", "src\MarketEase.Domain\MarketEase.Domain.csproj", "{B02315B4-D2A4-487A-BA74-6D4F7B2098B6}"
EndProject
Global
	GlobalSection(SolutionConfigurationPlatforms) = preSolution
		Debug|Any CPU = Debug|Any CPU
		Release|Any CPU = Release|Any CPU
	EndGlobalSection
	GlobalSection(ProjectConfigurationPlatforms) = postSolution
		{73A4BF5C-1EF8-40DE-8C42-0736FCD81F6E}.Debug|Any CPU.ActiveCfg = Debug|Any CPU
		{73A4BF5C-1EF8-40DE-8C42-0736FCD81F6E}.Debug|Any CPU.Build.0 = Debug|Any CPU
		{73A4BF5C-1EF8-40DE-8C42-0736FCD81F6E}.Release|Any CPU.ActiveCfg = Release|Any CPU
		{73A4BF5C-1EF8-40DE-8C42-0736FCD81F6E}.Release|Any CPU.Build.0 = Release|Any CPU
		{B02315B4-D2A4-487A-BA74-6D4F7B2098B6}.Debug|Any CPU.ActiveCfg = Debug|Any CPU
		{B02315B4-D2A4-487A-BA74-6D4F7B2098B6}.Debug|Any CPU.Build.0 = Debug|Any CPU
		{B02315B4-D2A4-487A-BA74-6D4F7B2098B6}.Release|Any CPU.ActiveCfg = Release|Any CPU
		{B02315B4-D2A4-487A-BA74-6D4F7B2098B6}.Release|Any CPU.Build.0 = Release|Any CPU
	EndGlobalSection
	GlobalSection(SolutionProperties) = preSolution
		HideSolutionNode = FALSE
	EndGlobalSection
	GlobalSection(NestedProjects) = preSolution
		{73A4BF5C-1EF8-40DE-8C42-0736FCD81F6E} = {4AFA344C-8307-48F8-B295-31CC23EFED85}
		{B02315B4-D2A4-487A-BA74-6D4F7B2098B6} = {149F00FE-B89D-4200-A694-7F62FCFE1D88}
	EndGlobalSection
	GlobalSection(ExtensibilityGlobals) = postSolution
		SolutionGuid = {7B573764-8C25-4285-90F1-088FF561C122}
	EndGlobalSection
EndGlobal
